// !$*UTF8*$!
{
	archiveVersion = 1;
	classes = {
	};
	objectVersion = 50;
	objects = {

/* Begin PBXBuildFile section */
		06854FD32454EE52006515D1 /* AppDelegate.swift in Sources */ = {isa = PBXBuildFile; fileRef = 06854FD22454EE52006515D1 /* AppDelegate.swift */; };
		06854FD52454EE52006515D1 /* SceneDelegate.swift in Sources */ = {isa = PBXBuildFile; fileRef = 06854FD42454EE52006515D1 /* SceneDelegate.swift */; };
		06854FD72454EE52006515D1 /* ViewController.swift in Sources */ = {isa = PBXBuildFile; fileRef = 06854FD62454EE52006515D1 /* ViewController.swift */; };
		06854FDA2454EE52006515D1 /* Main.storyboard in Resources */ = {isa = PBXBuildFile; fileRef = 06854FD82454EE52006515D1 /* Main.storyboard */; };
		06854FDC2454EE56006515D1 /* Assets.xcassets in Resources */ = {isa = PBXBuildFile; fileRef = 06854FDB2454EE56006515D1 /* Assets.xcassets */; };
		06854FDF2454EE56006515D1 /* LaunchScreen.storyboard in Resources */ = {isa = PBXBuildFile; fileRef = 06854FDD2454EE56006515D1 /* LaunchScreen.storyboard */; };
		06854FEB2454FD3F006515D1 /* MessageTableViewCell.swift in Sources */ = {isa = PBXBuildFile; fileRef = 06854FEA2454FD3F006515D1 /* MessageTableViewCell.swift */; };
		06854FED24553917006515D1 /* MessageViewController.swift in Sources */ = {isa = PBXBuildFile; fileRef = 06854FEC24553917006515D1 /* MessageViewController.swift */; };
		06854FF324554646006515D1 /* MessageStore.swift in Sources */ = {isa = PBXBuildFile; fileRef = 06854FF224554646006515D1 /* MessageStore.swift */; };
		06854FF5245546FE006515D1 /* UIImageView+Download.swift in Sources */ = {isa = PBXBuildFile; fileRef = 06854FF4245546FE006515D1 /* UIImageView+Download.swift */; };
/* End PBXBuildFile section */

/* Begin PBXFileReference section */
		06854FCF2454EE52006515D1 /* Project3.app */ = {isa = PBXFileReference; explicitFileType = wrapper.application; includeInIndex = 0; path = Project3.app; sourceTree = BUILT_PRODUCTS_DIR; };
		06854FD22454EE52006515D1 /* AppDelegate.swift */ = {isa = PBXFileReference; lastKnownFileType = sourcecode.swift; path = AppDelegate.swift; sourceTree = "<group>"; };
		06854FD42454EE52006515D1 /* SceneDelegate.swift */ = {isa = PBXFileReference; lastKnownFileType = sourcecode.swift; path = SceneDelegate.swift; sourceTree = "<group>"; };
		06854FD62454EE52006515D1 /* ViewController.swift */ = {isa = PBXFileReference; lastKnownFileType = sourcecode.swift; path = ViewController.swift; sourceTree = "<group>"; };
		06854FD92454EE52006515D1 /* Base */ = {isa = PBXFileReference; lastKnownFileType = file.storyboard; name = Base; path = Base.lproj/Main.storyboard; sourceTree = "<group>"; };
		06854FDB2454EE56006515D1 /* Assets.xcassets */ = {isa = PBXFileReference; lastKnownFileType = folder.assetcatalog; path = Assets.xcassets; sourceTree = "<group>"; };
		06854FDE2454EE56006515D1 /* Base */ = {isa = PBXFileReference; lastKnownFileType = file.storyboard; name = Base; path = Base.lproj/LaunchScreen.storyboard; sourceTree = "<group>"; };
		06854FE02454EE56006515D1 /* Info.plist */ = {isa = PBXFileReference; lastKnownFileType = text.plist.xml; path = Info.plist; sourceTree = "<group>"; };
		06854FEA2454FD3F006515D1 /* MessageTableViewCell.swift */ = {isa = PBXFileReference; lastKnownFileType = sourcecode.swift; path = MessageTableViewCell.swift; sourceTree = "<group>"; };
		06854FEC24553917006515D1 /* MessageViewController.swift */ = {isa = PBXFileReference; lastKnownFileType = sourcecode.swift; path = MessageViewController.swift; sourceTree = "<group>"; };
		06854FF224554646006515D1 /* MessageStore.swift */ = {isa = PBXFileReference; lastKnownFileType = sourcecode.swift; path = MessageStore.swift; sourceTree = "<group>"; };
		06854FF4245546FE006515D1 /* UIImageView+Download.swift */ = {isa = PBXFileReference; lastKnownFileType = sourcecode.swift; path = "UIImageView+Download.swift"; sourceTree = "<group>"; };
/* End PBXFileReference section */

/* Begin PBXFrameworksBuildPhase section */
		06854FCC2454EE52006515D1 /* Frameworks */ = {
			isa = PBXFrameworksBuildPhase;
			buildActionMask = 2147483647;
			files = (
			);
			runOnlyForDeploymentPostprocessing = 0;
		};
/* End PBXFrameworksBuildPhase section */

/* Begin PBXGroup section */
		06854FC62454EE52006515D1 = {
			isa = PBXGroup;
			children = (
				06854FD12454EE52006515D1 /* Project3 */,
				06854FD02454EE52006515D1 /* Products */,
			);
			sourceTree = "<group>";
		};
		06854FD02454EE52006515D1 /* Products */ = {
			isa = PBXGroup;
			children = (
				06854FCF2454EE52006515D1 /* Project3.app */,
			);
			name = Products;
			sourceTree = "<group>";
		};
		06854FD12454EE52006515D1 /* Project3 */ = {
			isa = PBXGroup;
			children = (
				06854FD22454EE52006515D1 /* AppDelegate.swift */,
				06854FD42454EE52006515D1 /* SceneDelegate.swift */,
				06854FD62454EE52006515D1 /* ViewController.swift */,
				06854FEA2454FD3F006515D1 /* MessageTableViewCell.swift */,
				06854FEC24553917006515D1 /* MessageViewController.swift */,
				06854FF224554646006515D1 /* MessageStore.swift */,
				06854FD82454EE52006515D1 /* Main.storyboard */,
				06854FDB2454EE56006515D1 /* Assets.xcassets */,
				06854FDD2454EE56006515D1 /* LaunchScreen.storyboard */,
				06854FE02454EE56006515D1 /* Info.plist */,
				06854FF4245546FE006515D1 /* UIImageView+Download.swift */,
			);
			path = Project3;
			sourceTree = "<group>";
		};
/* End PBXGroup section */

/* Begin PBXNativeTarget section */
		06854FCE2454EE52006515D1 /* Project3 */ = {
			isa = PBXNativeTarget;
			buildConfigurationList = 06854FE32454EE56006515D1 /* Build configuration list for PBXNativeTarget "Project3" */;
			buildPhases = (
				06854FCB2454EE52006515D1 /* Sources */,
				06854FCC2454EE52006515D1 /* Frameworks */,
				06854FCD2454EE52006515D1 /* Resources */,
			);
			buildRules = (
			);
			dependencies = (
			);
			name = Project3;
			productName = Project3;
			productReference = 06854FCF2454EE52006515D1 /* Project3.app */;
			productType = "com.apple.product-type.application";
		};
/* End PBXNativeTarget section */

/* Begin PBXProject section */
		06854FC72454EE52006515D1 /* Project object */ = {
			isa = PBXProject;
			attributes = {
				LastSwiftUpdateCheck = 1140;
				LastUpgradeCheck = 1140;
				ORGANIZATIONNAME = user167012;
				TargetAttributes = {
					06854FCE2454EE52006515D1 = {
						CreatedOnToolsVersion = 11.4.1;
					};
				};
			};
			buildConfigurationList = 06854FCA2454EE52006515D1 /* Build configuration list for PBXProject "Project3" */;
			compatibilityVersion = "Xcode 9.3";
			developmentRegion = en;
			hasScannedForEncodings = 0;
			knownRegions = (
				en,
				Base,
			);
			mainGroup = 06854FC62454EE52006515D1;
			productRefGroup = 06854FD02454EE52006515D1 /* Products */;
			projectDirPath = "";
			projectRoot = "";
			targets = (
				06854FCE2454EE52006515D1 /* Project3 */,
			);
		};
/* End PBXProject section */

/* Begin PBXResourcesBuildPhase section */
		06854FCD2454EE52006515D1 /* Resources */ = {
			isa = PBXResourcesBuildPhase;
			buildActionMask = 2147483647;
			files = (
				06854FDF2454EE56006515D1 /* LaunchScreen.storyboard in Resources */,
				06854FDC2454EE56006515D1 /* Assets.xcassets in Resources */,
				06854FDA2454EE52006515D1 /* Main.storyboard in Resources */,
			);
			runOnlyForDeploymentPostprocessing = 0;
		};
/* End PBXResourcesBuildPhase section */

/* Begin PBXSourcesBuildPhase section */
		06854FCB2454EE52006515D1 /* Sources */ = {
			isa = PBXSourcesBuildPhase;
			buildActionMask = 2147483647;
			files = (
				06854FD72454EE52006515D1 /* ViewController.swift in Sources */,
				06854FD32454EE52006515D1 /* AppDelegate.swift in Sources */,
				06854FEB2454FD3F006515D1 /* MessageTableViewCell.swift in Sources */,
				06854FF5245546FE006515D1 /* UIImageView+Download.swift in Sources */,
				06854FD52454EE52006515D1 /* SceneDelegate.swift in Sources */,
				06854FED24553917006515D1 /* MessageViewController.swift in Sources */,
				06854FF324554646006515D1 /* MessageStore.swift in Sources */,
			);
			runOnlyForDeploymentPostprocessing = 0;
		};
/* End PBXSourcesBuildPhase section */

/* Begin PBXVariantGroup section */
		06854FD82454EE52006515D1 /* Main.storyboard */ = {
			isa = PBXVariantGroup;
			children = (
				06854FD92454EE52006515D1 /* Base */,
			);
			name = Main.storyboard;
			sourceTree = "<group>";
		};
		06854FDD2454EE56006515D1 /* LaunchScreen.storyboard */ = {
			isa = PBXVariantGroup;
			children = (
				06854FDE2454EE56006515D1 /* Base */,
			);
			name = LaunchScreen.storyboard;
			sourceTree = "<group>";
		};
/* End PBXVariantGroup section */

/* Begin XCBuildConfiguration section */
		06854FE12454EE56006515D1 /* Debug */ = {
			isa = XCBuildConfiguration;
			buildSettings = {
				ALWAYS_SEARCH_USER_PATHS = NO;
				CLANG_ANALYZER_NONNULL = YES;
				CLANG_ANALYZER_NUMBER_OBJECT_CONVERSION = YES_AGGRESSIVE;
				CLANG_CXX_LANGUAGE_STANDARD = "gnu++14";
				CLANG_CXX_LIBRARY = "libc++";
				CLANG_ENABLE_MODULES = YES;
				CLANG_ENABLE_OBJC_ARC = YES;
				CLANG_ENABLE_OBJC_WEAK = YES;
				CLANG_WARN_BLOCK_CAPTURE_AUTORELEASING = YES;
				CLANG_WARN_BOOL_CONVERSION = YES;
				CLANG_WARN_COMMA = YES;
				CLANG_WARN_CONSTANT_CONVERSION = YES;
				CLANG_WARN_DEPRECATED_OBJC_IMPLEMENTATIONS = YES;
				CLANG_WARN_DIRECT_OBJC_ISA_USAGE = YES_ERROR;
				CLANG_WARN_DOCUMENTATION_COMMENTS = YES;
				CLANG_WARN_EMPTY_BODY = YES;
				CLANG_WARN_ENUM_CONVERSION = YES;
				CLANG_WARN_INFINITE_RECURSION = YES;
				CLANG_WARN_INT_CONVERSION = YES;
				CLANG_WARN_NON_LITERAL_NULL_CONVERSION = YES;
				CLANG_WARN_OBJC_IMPLICIT_RETAIN_SELF = YES;
				CLANG_WARN_OBJC_LITERAL_CONVERSION = YES;
				CLANG_WARN_OBJC_ROOT_CLASS = YES_ERROR;
				CLANG_WARN_RANGE_LOOP_ANALYSIS = YES;
				CLANG_WARN_STRICT_PROTOTYPES = YES;
				CLANG_WARN_SUSPICIOUS_MOVE = YES;
				CLANG_WARN_UNGUARDED_AVAILABILITY = YES_AGGRESSIVE;
				CLANG_WARN_UNREACHABLE_CODE = YES;
				CLANG_WARN__DUPLICATE_METHOD_MATCH = YES;
				COPY_PHASE_STRIP = NO;
				DEBUG_INFORMATION_FORMAT = dwarf;
				ENABLE_STRICT_OBJC_MSGSEND = YES;
				ENABLE_TESTABILITY = YES;
				GCC_C_LANGUAGE_STANDARD = gnu11;
				GCC_DYNAMIC_NO_PIC = NO;
				GCC_NO_COMMON_BLOCKS = YES;
				GCC_OPTIMIZATION_LEVEL = 0;
				GCC_PREPROCESSOR_DEFINITIONS = (
					"DEBUG=1",
					"$(inherited)",
				);
				GCC_WARN_64_TO_32_BIT_CONVERSION = YES;
				GCC_WARN_ABOUT_RETURN_TYPE = YES_ERROR;
				GCC_WARN_UNDECLARED_SELECTOR = YES;
				GCC_WARN_UNINITIALIZED_AUTOS = YES_AGGRESSIVE;
				GCC_WARN_UNUSED_FUNCTION = YES;
				GCC_WARN_UNUSED_VARIABLE = YES;
				IPHONEOS_DEPLOYMENT_TARGET = 13.4;
				MTL_ENABLE_DEBUG_INFO = INCLUDE_SOURCE;
				MTL_FAST_MATH = YES;
				ONLY_ACTIVE_ARCH = YES;
				SDKROOT = iphoneos;
				SWIFT_ACTIVE_COMPILATION_CONDITIONS = DEBUG;
				SWIFT_OPTIMIZATION_LEVEL = "-Onone";
			};
			name = Debug;
		};
		06854FE22454EE56006515D1 /* Release */ = {
			isa = XCBuildConfiguration;
			buildSettings = {
				ALWAYS_SEARCH_USER_PATHS = NO;
				CLANG_ANALYZER_NONNULL = YES;
				CLANG_ANALYZER_NUMBER_OBJECT_CONVERSION = YES_AGGRESSIVE;
				CLANG_CXX_LANGUAGE_STANDARD = "gnu++14";
				CLANG_CXX_LIBRARY = "libc++";
				CLANG_ENABLE_MODULES = YES;
				CLANG_ENABLE_OBJC_ARC = YES;
				CLANG_ENABLE_OBJC_WEAK = YES;
				CLANG_WARN_BLOCK_CAPTURE_AUTORELEASING = YES;
				CLANG_WARN_BOOL_CONVERSION = YES;
				CLANG_WARN_COMMA = YES;
				CLANG_WARN_CONSTANT_CONVERSION = YES;
				CLANG_WARN_DEPRECATED_OBJC_IMPLEMENTATIONS = YES;
				CLANG_WARN_DIRECT_OBJC_ISA_USAGE = YES_ERROR;
				CLANG_WARN_DOCUMENTATION_COMMENTS = YES;
				CLANG_WARN_EMPTY_BODY = YES;
				CLANG_WARN_ENUM_CONVERSION = YES;
				CLANG_WARN_INFINITE_RECURSION = YES;
				CLANG_WARN_INT_CONVERSION = YES;
				CLANG_WARN_NON_LITERAL_NULL_CONVERSION = YES;
				CLANG_WARN_OBJC_IMPLICIT_RETAIN_SELF = YES;
				CLANG_WARN_OBJC_LITERAL_CONVERSION = YES;
				CLANG_WARN_OBJC_ROOT_CLASS = YES_ERROR;
				CLANG_WARN_RANGE_LOOP_ANALYSIS = YES;
				CLANG_WARN_STRICT_PROTOTYPES = YES;
				CLANG_WARN_SUSPICIOUS_MOVE = YES;
				CLANG_WARN_UNGUARDED_AVAILABILITY = YES_AGGRESSIVE;
				CLANG_WARN_UNREACHABLE_CODE = YES;
				CLANG_WARN__DUPLICATE_METHOD_MATCH = YES;
				COPY_PHASE_STRIP = NO;
				DEBUG_INFORMATION_FORMAT = "dwarf-with-dsym";
				ENABLE_NS_ASSERTIONS = NO;
				ENABLE_STRICT_OBJC_MSGSEND = YES;
				GCC_C_LANGUAGE_STANDARD = gnu11;
				GCC_NO_COMMON_BLOCKS = YES;
				GCC_WARN_64_TO_32_BIT_CONVERSION = YES;
				GCC_WARN_ABOUT_RETURN_TYPE = YES_ERROR;
				GCC_WARN_UNDECLARED_SELECTOR = YES;
				GCC_WARN_UNINITIALIZED_AUTOS = YES_AGGRESSIVE;
				GCC_WARN_UNUSED_FUNCTION = YES;
				GCC_WARN_UNUSED_VARIABLE = YES;
				IPHONEOS_DEPLOYMENT_TARGET = 13.4;
				MTL_ENABLE_DEBUG_INFO = NO;
				MTL_FAST_MATH = YES;
				SDKROOT = iphoneos;
				SWIFT_COMPILATION_MODE = wholemodule;
				SWIFT_OPTIMIZATION_LEVEL = "-O";
				VALIDATE_PRODUCT = YES;
			};
			name = Release;
		};
		06854FE42454EE56006515D1 /* Debug */ = {
			isa = XCBuildConfiguration;
			buildSettings = {
				ASSETCATALOG_COMPILER_APPICON_NAME = AppIcon;
				CODE_SIGN_STYLE = Automatic;
				INFOPLIST_FILE = Project3/Info.plist;
				LD_RUNPATH_SEARCH_PATHS = (
					"$(inherited)",
					"@executable_path/Frameworks",
				);
				PRODUCT_BUNDLE_IDENTIFIER = pml.Project3;
				PRODUCT_NAME = "$(TARGET_NAME)";
				SWIFT_VERSION = 5.0;
				TARGETED_DEVICE_FAMILY = "1,2";
			};
			name = Debug;
		};
		06854FE52454EE56006515D1 /* Release */ = {
			isa = XCBuildConfiguration;
			buildSettings = {
				ASSETCATALOG_COMPILER_APPICON_NAME = AppIcon;
				CODE_SIGN_STYLE = Automatic;
				INFOPLIST_FILE = Project3/Info.plist;
				LD_RUNPATH_SEARCH_PATHS = (
					"$(inherited)",
					"@executable_path/Frameworks",
				);
				PRODUCT_BUNDLE_IDENTIFIER = pml.Project3;
				PRODUCT_NAME = "$(TARGET_NAME)";
				SWIFT_VERSION = 5.0;
				TARGETED_DEVICE_FAMILY = "1,2";
			};
			name = Release;
		};
/* End XCBuildConfiguration section */

/* Begin XCConfigurationList section */
		06854FCA2454EE52006515D1 /* Build configuration list for PBXProject "Project3" */ = {
			isa = XCConfigurationList;
			buildConfigurations = (
				06854FE12454EE56006515D1 /* Debug */,
				06854FE22454EE56006515D1 /* Release */,
			);
			defaultConfigurationIsVisible = 0;
			defaultConfigurationName = Release;
		};
		06854FE32454EE56006515D1 /* Build configuration list for PBXNativeTarget "Project3" */ = {
			isa = XCConfigurationList;
			buildConfigurations = (
				06854FE42454EE56006515D1 /* Debug */,
				06854FE52454EE56006515D1 /* Release */,
			);
			defaultConfigurationIsVisible = 0;
			defaultConfigurationName = Release;
		};
/* End XCConfigurationList section */
	};
	rootObject = 06854FC72454EE52006515D1 /* Project object */;
}
